// !$*UTF8*$!
{
	archiveVersion = 1;
	classes = {
	};
	objectVersion = 56;
	objects = {

/* Begin PBXBuildFile section */
		FB03F1D92C15BA8000A2CBBE /* ChatsTableViewController.swift in Sources */ = {isa = PBXBuildFile; fileRef = FB03F1D82C15BA8000A2CBBE /* ChatsTableViewController.swift */; };
		FB03F1DB2C15CB6F00A2CBBE /* ChatViewController.swift in Sources */ = {isa = PBXBuildFile; fileRef = FB03F1DA2C15CB6F00A2CBBE /* ChatViewController.swift */; };
		FB03F1E02C15CD2C00A2CBBE /* RealmSwift in Frameworks */ = {isa = PBXBuildFile; productRef = FB03F1DF2C15CD2C00A2CBBE /* RealmSwift */; };
		FB03F1E32C15DD9700A2CBBE /* RealmSwift in Embed Frameworks */ = {isa = PBXBuildFile; productRef = FB03F1DF2C15CD2C00A2CBBE /* RealmSwift */; settings = {ATTRIBUTES = (CodeSignOnCopy, ); }; };
		FB094AE42C10FBBD00DD5923 /* EditProfileTableViewController.swift in Sources */ = {isa = PBXBuildFile; fileRef = FB094AE32C10FBBD00DD5923 /* EditProfileTableViewController.swift */; };
		FB094AE72C11063600DD5923 /* YPImagePicker in Frameworks */ = {isa = PBXBuildFile; productRef = FB094AE62C11063600DD5923 /* YPImagePicker */; };
		FB094AEA2C11D02400DD5923 /* FileStorage.swift in Sources */ = {isa = PBXBuildFile; fileRef = FB094AE92C11D02400DD5923 /* FileStorage.swift */; };
		FB094AED2C11F67800DD5923 /* GlobalFunctions.swift in Sources */ = {isa = PBXBuildFile; fileRef = FB094AEC2C11F67800DD5923 /* GlobalFunctions.swift */; };
		FB6B87C82C19B9D8003503F5 /* MessageDataSource.swift in Sources */ = {isa = PBXBuildFile; fileRef = FB6B87C72C19B9D8003503F5 /* MessageDataSource.swift */; };
		FB6B87CB2C19BA14003503F5 /* MessageCellDelegate.swift in Sources */ = {isa = PBXBuildFile; fileRef = FB6B87CA2C19BA14003503F5 /* MessageCellDelegate.swift */; };
		FB6B87CD2C19BA44003503F5 /* MessageDisplayDelegate.swift in Sources */ = {isa = PBXBuildFile; fileRef = FB6B87CC2C19BA44003503F5 /* MessageDisplayDelegate.swift */; };
		FB6B87CF2C19BA5D003503F5 /* MessageLayoutDelegate.swift in Sources */ = {isa = PBXBuildFile; fileRef = FB6B87CE2C19BA5D003503F5 /* MessageLayoutDelegate.swift */; };
		FB6B87D12C19BA84003503F5 /* InputBarAccessoryDelegate.swift in Sources */ = {isa = PBXBuildFile; fileRef = FB6B87D02C19BA84003503F5 /* InputBarAccessoryDelegate.swift */; };
		FB6B87D32C19BCCF003503F5 /* MessageKitDefaults.swift in Sources */ = {isa = PBXBuildFile; fileRef = FB6B87D22C19BCCF003503F5 /* MessageKitDefaults.swift */; };
		FB6B87D52C19C033003503F5 /* MKMessage.swift in Sources */ = {isa = PBXBuildFile; fileRef = FB6B87D42C19C033003503F5 /* MKMessage.swift */; };
		FB6B87DB2C19C261003503F5 /* LocalMessage.swift in Sources */ = {isa = PBXBuildFile; fileRef = FB6B87DA2C19C261003503F5 /* LocalMessage.swift */; };
		FB6B87DD2C19CA22003503F5 /* RealmManager.swift in Sources */ = {isa = PBXBuildFile; fileRef = FB6B87DC2C19CA22003503F5 /* RealmManager.swift */; };
		FB6B87DF2C19CD45003503F5 /* OutgoingMessage.swift in Sources */ = {isa = PBXBuildFile; fileRef = FB6B87DE2C19CD45003503F5 /* OutgoingMessage.swift */; };
		FB6B87E12C19E853003503F5 /* FirebaseMessageListener.swift in Sources */ = {isa = PBXBuildFile; fileRef = FB6B87E02C19E853003503F5 /* FirebaseMessageListener.swift */; };
		FB6B87E32C19FFBD003503F5 /* InComingMessage.swift in Sources */ = {isa = PBXBuildFile; fileRef = FB6B87E22C19FFBD003503F5 /* InComingMessage.swift */; };
		FB7EF40E2C0DF20A009EDC5D /* AppDelegate.swift in Sources */ = {isa = PBXBuildFile; fileRef = FB7EF40D2C0DF20A009EDC5D /* AppDelegate.swift */; };
		FB7EF4102C0DF20A009EDC5D /* SceneDelegate.swift in Sources */ = {isa = PBXBuildFile; fileRef = FB7EF40F2C0DF20A009EDC5D /* SceneDelegate.swift */; };
		FB7EF4122C0DF20A009EDC5D /* LoginViewController.swift in Sources */ = {isa = PBXBuildFile; fileRef = FB7EF4112C0DF20A009EDC5D /* LoginViewController.swift */; };
		FB7EF4152C0DF20A009EDC5D /* Base in Resources */ = {isa = PBXBuildFile; fileRef = FB7EF4142C0DF20A009EDC5D /* Base */; };
		FB7EF4172C0DF20C009EDC5D /* Assets.xcassets in Resources */ = {isa = PBXBuildFile; fileRef = FB7EF4162C0DF20C009EDC5D /* Assets.xcassets */; };
		FB7EF41A2C0DF20C009EDC5D /* Base in Resources */ = {isa = PBXBuildFile; fileRef = FB7EF4192C0DF20C009EDC5D /* Base */; };
		FB7EF4222C0DF230009EDC5D /* GoogleService-Info.plist in Resources */ = {isa = PBXBuildFile; fileRef = FB7EF4212C0DF230009EDC5D /* GoogleService-Info.plist */; };
		FB7EF4372C0E0282009EDC5D /* FirebaseAnalytics in Frameworks */ = {isa = PBXBuildFile; productRef = FB7EF4362C0E0282009EDC5D /* FirebaseAnalytics */; };
		FB7EF4392C0E0282009EDC5D /* FirebaseAuth in Frameworks */ = {isa = PBXBuildFile; productRef = FB7EF4382C0E0282009EDC5D /* FirebaseAuth */; };
		FB7EF43B2C0E0282009EDC5D /* FirebaseFirestore in Frameworks */ = {isa = PBXBuildFile; productRef = FB7EF43A2C0E0282009EDC5D /* FirebaseFirestore */; };
		FB7EF43D2C0E0282009EDC5D /* FirebaseFirestoreSwift in Frameworks */ = {isa = PBXBuildFile; productRef = FB7EF43C2C0E0282009EDC5D /* FirebaseFirestoreSwift */; };
		FB7EF43F2C0E0282009EDC5D /* FirebaseMessaging in Frameworks */ = {isa = PBXBuildFile; productRef = FB7EF43E2C0E0282009EDC5D /* FirebaseMessaging */; };
		FB7EF4412C0E0282009EDC5D /* FirebaseStorage in Frameworks */ = {isa = PBXBuildFile; productRef = FB7EF4402C0E0282009EDC5D /* FirebaseStorage */; };
		FB7EF4442C0E02ED009EDC5D /* ProgressHUD in Frameworks */ = {isa = PBXBuildFile; productRef = FB7EF4432C0E02ED009EDC5D /* ProgressHUD */; };
		FB7EF4472C0E03AD009EDC5D /* SKPhotoBrowser in Frameworks */ = {isa = PBXBuildFile; productRef = FB7EF4462C0E03AD009EDC5D /* SKPhotoBrowser */; };
		FB7EF44A2C0E041B009EDC5D /* MessageKit in Frameworks */ = {isa = PBXBuildFile; productRef = FB7EF4492C0E041B009EDC5D /* MessageKit */; };
		FB7EF44D2C0E0450009EDC5D /* InputBarAccessoryView in Frameworks */ = {isa = PBXBuildFile; productRef = FB7EF44C2C0E0450009EDC5D /* InputBarAccessoryView */; };
		FB9773392C1F387B00EB03D4 /* FirebaseTypingListener.swift in Sources */ = {isa = PBXBuildFile; fileRef = FB9773382C1F387B00EB03D4 /* FirebaseTypingListener.swift */; };
		FBA262BF2C133100009E47DA /* ProfileTableViewController.swift in Sources */ = {isa = PBXBuildFile; fileRef = FBA262BE2C133100009E47DA /* ProfileTableViewController.swift */; };
		FBA262C12C13494D009E47DA /* RecentChat.swift in Sources */ = {isa = PBXBuildFile; fileRef = FBA262C02C13494D009E47DA /* RecentChat.swift */; };
		FBA262C32C1352C8009E47DA /* RecentTableViewCell.swift in Sources */ = {isa = PBXBuildFile; fileRef = FBA262C22C1352C8009E47DA /* RecentTableViewCell.swift */; };
		FBA262C52C146396009E47DA /* StartChat.swift in Sources */ = {isa = PBXBuildFile; fileRef = FBA262C42C146396009E47DA /* StartChat.swift */; };
		FBA262C72C146799009E47DA /* FirebaseRecentListener.swift in Sources */ = {isa = PBXBuildFile; fileRef = FBA262C62C146799009E47DA /* FirebaseRecentListener.swift */; };
		FBBD21FA2C0F1C3E00DE96D1 /* Toast in Frameworks */ = {isa = PBXBuildFile; productRef = FBBD21F92C0F1C3E00DE96D1 /* Toast */; };
		FBBD21FD2C0F202100DE96D1 /* User.swift in Sources */ = {isa = PBXBuildFile; fileRef = FBBD21FC2C0F202100DE96D1 /* User.swift */; };
		FBBD21FF2C0F244200DE96D1 /* Constants.swift in Sources */ = {isa = PBXBuildFile; fileRef = FBBD21FE2C0F244200DE96D1 /* Constants.swift */; };
		FBBD22012C0F29AB00DE96D1 /* FCollectionReference.swift in Sources */ = {isa = PBXBuildFile; fileRef = FBBD22002C0F29AB00DE96D1 /* FCollectionReference.swift */; };
		FBBD22042C0F342300DE96D1 /* FirebaseUserListener.swift in Sources */ = {isa = PBXBuildFile; fileRef = FBBD22032C0F342300DE96D1 /* FirebaseUserListener.swift */; };
		FBCBBAB62C1049D100C1406A /* SettingsTableViewController.swift in Sources */ = {isa = PBXBuildFile; fileRef = FBCBBAB52C1049D100C1406A /* SettingsTableViewController.swift */; };
		FBDFF35B2C123DDF00D82522 /* Extensions.swift in Sources */ = {isa = PBXBuildFile; fileRef = FBDFF35A2C123DDF00D82522 /* Extensions.swift */; };
		FBDFF35D2C12408900D82522 /* Status.swift in Sources */ = {isa = PBXBuildFile; fileRef = FBDFF35C2C12408900D82522 /* Status.swift */; };
		FBDFF35F2C12435100D82522 /* StatusTableViewController.swift in Sources */ = {isa = PBXBuildFile; fileRef = FBDFF35E2C12435100D82522 /* StatusTableViewController.swift */; };
		FBF639162C12EC0600CF6B03 /* UserTableViewCell.swift in Sources */ = {isa = PBXBuildFile; fileRef = FBF639152C12EC0600CF6B03 /* UserTableViewCell.swift */; };
		FBF639182C12EC2A00CF6B03 /* UsersTableViewController.swift in Sources */ = {isa = PBXBuildFile; fileRef = FBF639172C12EC2A00CF6B03 /* UsersTableViewController.swift */; };
/* End PBXBuildFile section */

/* Begin PBXCopyFilesBuildPhase section */
		FB03F1E22C15DD9500A2CBBE /* Embed Frameworks */ = {
			isa = PBXCopyFilesBuildPhase;
			buildActionMask = 2147483647;
			dstPath = "";
			dstSubfolderSpec = 10;
			files = (
				FB03F1E32C15DD9700A2CBBE /* RealmSwift in Embed Frameworks */,
			);
			name = "Embed Frameworks";
			runOnlyForDeploymentPostprocessing = 0;
		};
/* End PBXCopyFilesBuildPhase section */

/* Begin PBXFileReference section */
		FB03F1D82C15BA8000A2CBBE /* ChatsTableViewController.swift */ = {isa = PBXFileReference; lastKnownFileType = sourcecode.swift; path = ChatsTableViewController.swift; sourceTree = "<group>"; };
		FB03F1DA2C15CB6F00A2CBBE /* ChatViewController.swift */ = {isa = PBXFileReference; lastKnownFileType = sourcecode.swift; path = ChatViewController.swift; sourceTree = "<group>"; };
		FB094AE32C10FBBD00DD5923 /* EditProfileTableViewController.swift */ = {isa = PBXFileReference; lastKnownFileType = sourcecode.swift; path = EditProfileTableViewController.swift; sourceTree = "<group>"; };
		FB094AE92C11D02400DD5923 /* FileStorage.swift */ = {isa = PBXFileReference; lastKnownFileType = sourcecode.swift; path = FileStorage.swift; sourceTree = "<group>"; };
		FB094AEC2C11F67800DD5923 /* GlobalFunctions.swift */ = {isa = PBXFileReference; lastKnownFileType = sourcecode.swift; path = GlobalFunctions.swift; sourceTree = "<group>"; };
		FB6B87C72C19B9D8003503F5 /* MessageDataSource.swift */ = {isa = PBXFileReference; lastKnownFileType = sourcecode.swift; path = MessageDataSource.swift; sourceTree = "<group>"; };
		FB6B87CA2C19BA14003503F5 /* MessageCellDelegate.swift */ = {isa = PBXFileReference; lastKnownFileType = sourcecode.swift; path = MessageCellDelegate.swift; sourceTree = "<group>"; };
		FB6B87CC2C19BA44003503F5 /* MessageDisplayDelegate.swift */ = {isa = PBXFileReference; lastKnownFileType = sourcecode.swift; path = MessageDisplayDelegate.swift; sourceTree = "<group>"; };
		FB6B87CE2C19BA5D003503F5 /* MessageLayoutDelegate.swift */ = {isa = PBXFileReference; lastKnownFileType = sourcecode.swift; path = MessageLayoutDelegate.swift; sourceTree = "<group>"; };
		FB6B87D02C19BA84003503F5 /* InputBarAccessoryDelegate.swift */ = {isa = PBXFileReference; lastKnownFileType = sourcecode.swift; path = InputBarAccessoryDelegate.swift; sourceTree = "<group>"; };
		FB6B87D22C19BCCF003503F5 /* MessageKitDefaults.swift */ = {isa = PBXFileReference; lastKnownFileType = sourcecode.swift; path = MessageKitDefaults.swift; sourceTree = "<group>"; };
		FB6B87D42C19C033003503F5 /* MKMessage.swift */ = {isa = PBXFileReference; lastKnownFileType = sourcecode.swift; path = MKMessage.swift; sourceTree = "<group>"; };
		FB6B87DA2C19C261003503F5 /* LocalMessage.swift */ = {isa = PBXFileReference; lastKnownFileType = sourcecode.swift; path = LocalMessage.swift; sourceTree = "<group>"; };
		FB6B87DC2C19CA22003503F5 /* RealmManager.swift */ = {isa = PBXFileReference; lastKnownFileType = sourcecode.swift; path = RealmManager.swift; sourceTree = "<group>"; };
		FB6B87DE2C19CD45003503F5 /* OutgoingMessage.swift */ = {isa = PBXFileReference; lastKnownFileType = sourcecode.swift; path = OutgoingMessage.swift; sourceTree = "<group>"; };
		FB6B87E02C19E853003503F5 /* FirebaseMessageListener.swift */ = {isa = PBXFileReference; lastKnownFileType = sourcecode.swift; path = FirebaseMessageListener.swift; sourceTree = "<group>"; };
		FB6B87E22C19FFBD003503F5 /* InComingMessage.swift */ = {isa = PBXFileReference; lastKnownFileType = sourcecode.swift; path = InComingMessage.swift; sourceTree = "<group>"; };
		FB7EF40A2C0DF20A009EDC5D /* ikiElveriChatDemo.app */ = {isa = PBXFileReference; explicitFileType = wrapper.application; includeInIndex = 0; path = ikiElveriChatDemo.app; sourceTree = BUILT_PRODUCTS_DIR; };
		FB7EF40D2C0DF20A009EDC5D /* AppDelegate.swift */ = {isa = PBXFileReference; lastKnownFileType = sourcecode.swift; path = AppDelegate.swift; sourceTree = "<group>"; };
		FB7EF40F2C0DF20A009EDC5D /* SceneDelegate.swift */ = {isa = PBXFileReference; lastKnownFileType = sourcecode.swift; path = SceneDelegate.swift; sourceTree = "<group>"; };
		FB7EF4112C0DF20A009EDC5D /* LoginViewController.swift */ = {isa = PBXFileReference; lastKnownFileType = sourcecode.swift; path = LoginViewController.swift; sourceTree = "<group>"; };
		FB7EF4142C0DF20A009EDC5D /* Base */ = {isa = PBXFileReference; lastKnownFileType = file.storyboard; name = Base; path = Base.lproj/Main.storyboard; sourceTree = "<group>"; };
		FB7EF4162C0DF20C009EDC5D /* Assets.xcassets */ = {isa = PBXFileReference; lastKnownFileType = folder.assetcatalog; path = Assets.xcassets; sourceTree = "<group>"; };
		FB7EF4192C0DF20C009EDC5D /* Base */ = {isa = PBXFileReference; lastKnownFileType = file.storyboard; name = Base; path = Base.lproj/LaunchScreen.storyboard; sourceTree = "<group>"; };
		FB7EF41B2C0DF20C009EDC5D /* Info.plist */ = {isa = PBXFileReference; lastKnownFileType = text.plist.xml; path = Info.plist; sourceTree = "<group>"; };
		FB7EF4212C0DF230009EDC5D /* GoogleService-Info.plist */ = {isa = PBXFileReference; fileEncoding = 4; lastKnownFileType = text.plist.xml; path = "GoogleService-Info.plist"; sourceTree = "<group>"; };
		FB9773382C1F387B00EB03D4 /* FirebaseTypingListener.swift */ = {isa = PBXFileReference; lastKnownFileType = sourcecode.swift; path = FirebaseTypingListener.swift; sourceTree = "<group>"; };
		FBA262BE2C133100009E47DA /* ProfileTableViewController.swift */ = {isa = PBXFileReference; lastKnownFileType = sourcecode.swift; path = ProfileTableViewController.swift; sourceTree = "<group>"; };
		FBA262C02C13494D009E47DA /* RecentChat.swift */ = {isa = PBXFileReference; lastKnownFileType = sourcecode.swift; path = RecentChat.swift; sourceTree = "<group>"; };
		FBA262C22C1352C8009E47DA /* RecentTableViewCell.swift */ = {isa = PBXFileReference; lastKnownFileType = sourcecode.swift; path = RecentTableViewCell.swift; sourceTree = "<group>"; };
		FBA262C42C146396009E47DA /* StartChat.swift */ = {isa = PBXFileReference; lastKnownFileType = sourcecode.swift; path = StartChat.swift; sourceTree = "<group>"; };
		FBA262C62C146799009E47DA /* FirebaseRecentListener.swift */ = {isa = PBXFileReference; lastKnownFileType = sourcecode.swift; path = FirebaseRecentListener.swift; sourceTree = "<group>"; };
		FBBD21FC2C0F202100DE96D1 /* User.swift */ = {isa = PBXFileReference; lastKnownFileType = sourcecode.swift; path = User.swift; sourceTree = "<group>"; };
		FBBD21FE2C0F244200DE96D1 /* Constants.swift */ = {isa = PBXFileReference; lastKnownFileType = sourcecode.swift; path = Constants.swift; sourceTree = "<group>"; };
		FBBD22002C0F29AB00DE96D1 /* FCollectionReference.swift */ = {isa = PBXFileReference; lastKnownFileType = sourcecode.swift; path = FCollectionReference.swift; sourceTree = "<group>"; };
		FBBD22032C0F342300DE96D1 /* FirebaseUserListener.swift */ = {isa = PBXFileReference; lastKnownFileType = sourcecode.swift; path = FirebaseUserListener.swift; sourceTree = "<group>"; };
		FBCBBAB52C1049D100C1406A /* SettingsTableViewController.swift */ = {isa = PBXFileReference; lastKnownFileType = sourcecode.swift; path = SettingsTableViewController.swift; sourceTree = "<group>"; };
		FBDFF35A2C123DDF00D82522 /* Extensions.swift */ = {isa = PBXFileReference; lastKnownFileType = sourcecode.swift; path = Extensions.swift; sourceTree = "<group>"; };
		FBDFF35C2C12408900D82522 /* Status.swift */ = {isa = PBXFileReference; lastKnownFileType = sourcecode.swift; path = Status.swift; sourceTree = "<group>"; };
		FBDFF35E2C12435100D82522 /* StatusTableViewController.swift */ = {isa = PBXFileReference; lastKnownFileType = sourcecode.swift; path = StatusTableViewController.swift; sourceTree = "<group>"; };
		FBF639152C12EC0600CF6B03 /* UserTableViewCell.swift */ = {isa = PBXFileReference; lastKnownFileType = sourcecode.swift; path = UserTableViewCell.swift; sourceTree = "<group>"; };
		FBF639172C12EC2A00CF6B03 /* UsersTableViewController.swift */ = {isa = PBXFileReference; lastKnownFileType = sourcecode.swift; path = UsersTableViewController.swift; sourceTree = "<group>"; };
/* End PBXFileReference section */

/* Begin PBXFrameworksBuildPhase section */
		FB7EF4072C0DF20A009EDC5D /* Frameworks */ = {
			isa = PBXFrameworksBuildPhase;
			buildActionMask = 2147483647;
			files = (
				FBBD21FA2C0F1C3E00DE96D1 /* Toast in Frameworks */,
				FB7EF4372C0E0282009EDC5D /* FirebaseAnalytics in Frameworks */,
				FB03F1E02C15CD2C00A2CBBE /* RealmSwift in Frameworks */,
				FB7EF44D2C0E0450009EDC5D /* InputBarAccessoryView in Frameworks */,
				FB7EF4442C0E02ED009EDC5D /* ProgressHUD in Frameworks */,
				FB7EF4472C0E03AD009EDC5D /* SKPhotoBrowser in Frameworks */,
				FB7EF44A2C0E041B009EDC5D /* MessageKit in Frameworks */,
				FB7EF4392C0E0282009EDC5D /* FirebaseAuth in Frameworks */,
				FB7EF43F2C0E0282009EDC5D /* FirebaseMessaging in Frameworks */,
				FB094AE72C11063600DD5923 /* YPImagePicker in Frameworks */,
				FB7EF43B2C0E0282009EDC5D /* FirebaseFirestore in Frameworks */,
				FB7EF43D2C0E0282009EDC5D /* FirebaseFirestoreSwift in Frameworks */,
				FB7EF4412C0E0282009EDC5D /* FirebaseStorage in Frameworks */,
			);
			runOnlyForDeploymentPostprocessing = 0;
		};
/* End PBXFrameworksBuildPhase section */

/* Begin PBXGroup section */
		FB094AEB2C11F65F00DD5923 /* Helpers */ = {
			isa = PBXGroup;
			children = (
				FBBD21FE2C0F244200DE96D1 /* Constants.swift */,
				FB094AEC2C11F67800DD5923 /* GlobalFunctions.swift */,
				FBDFF35A2C123DDF00D82522 /* Extensions.swift */,
				FBA262C42C146396009E47DA /* StartChat.swift */,
				FB6B87D22C19BCCF003503F5 /* MessageKitDefaults.swift */,
			);
			path = Helpers;
			sourceTree = "<group>";
		};
		FB6B87C92C19B9F4003503F5 /* ChatViewExtensions */ = {
			isa = PBXGroup;
			children = (
				FB6B87C72C19B9D8003503F5 /* MessageDataSource.swift */,
				FB6B87CA2C19BA14003503F5 /* MessageCellDelegate.swift */,
				FB6B87CC2C19BA44003503F5 /* MessageDisplayDelegate.swift */,
				FB6B87CE2C19BA5D003503F5 /* MessageLayoutDelegate.swift */,
				FB6B87D02C19BA84003503F5 /* InputBarAccessoryDelegate.swift */,
			);
			path = ChatViewExtensions;
			sourceTree = "<group>";
		};
		FB6B87D92C19C249003503F5 /* RealmMessages */ = {
			isa = PBXGroup;
			children = (
				FB6B87DA2C19C261003503F5 /* LocalMessage.swift */,
				FB6B87DC2C19CA22003503F5 /* RealmManager.swift */,
			);
			path = RealmMessages;
			sourceTree = "<group>";
		};
		FB7EF4012C0DF20A009EDC5D = {
			isa = PBXGroup;
			children = (
				FB7EF40C2C0DF20A009EDC5D /* ikiElveriChatDemo */,
				FB7EF40B2C0DF20A009EDC5D /* Products */,
			);
			sourceTree = "<group>";
		};
		FB7EF40B2C0DF20A009EDC5D /* Products */ = {
			isa = PBXGroup;
			children = (
				FB7EF40A2C0DF20A009EDC5D /* ikiElveriChatDemo.app */,
			);
			name = Products;
			sourceTree = "<group>";
		};
		FB7EF40C2C0DF20A009EDC5D /* ikiElveriChatDemo */ = {
			isa = PBXGroup;
			children = (
				FBA262BD2C1330DC009E47DA /* SecondaryView */,
				FB094AEB2C11F65F00DD5923 /* Helpers */,
				FBBD22022C0F33D600DE96D1 /* FirebaseHelpers */,
				FBBD21FB2C0F200E00DE96D1 /* Models */,
				FB7EF40D2C0DF20A009EDC5D /* AppDelegate.swift */,
				FB7EF40F2C0DF20A009EDC5D /* SceneDelegate.swift */,
				FBA262BC2C1330A1009E47DA /* LoginView */,
				FB7EF4132C0DF20A009EDC5D /* Main.storyboard */,
				FB7EF4162C0DF20C009EDC5D /* Assets.xcassets */,
				FB7EF4182C0DF20C009EDC5D /* LaunchScreen.storyboard */,
				FB7EF41B2C0DF20C009EDC5D /* Info.plist */,
				FB7EF4212C0DF230009EDC5D /* GoogleService-Info.plist */,
				FBA262B92C133068009E47DA /* SettingsView */,
				FBA262BA2C13307B009E47DA /* CustomCell */,
				FBA262BB2C133096009E47DA /* MainView */,
			);
			path = ikiElveriChatDemo;
			sourceTree = "<group>";
		};
		FBA262B92C133068009E47DA /* SettingsView */ = {
			isa = PBXGroup;
			children = (
				FBCBBAB52C1049D100C1406A /* SettingsTableViewController.swift */,
				FB094AE32C10FBBD00DD5923 /* EditProfileTableViewController.swift */,
				FBDFF35E2C12435100D82522 /* StatusTableViewController.swift */,
			);
			path = SettingsView;
			sourceTree = "<group>";
		};
		FBA262BA2C13307B009E47DA /* CustomCell */ = {
			isa = PBXGroup;
			children = (
				FBF639152C12EC0600CF6B03 /* UserTableViewCell.swift */,
				FBA262C22C1352C8009E47DA /* RecentTableViewCell.swift */,
			);
			path = CustomCell;
			sourceTree = "<group>";
		};
		FBA262BB2C133096009E47DA /* MainView */ = {
			isa = PBXGroup;
			children = (
				FBF639172C12EC2A00CF6B03 /* UsersTableViewController.swift */,
				FB03F1D82C15BA8000A2CBBE /* ChatsTableViewController.swift */,
			);
			path = MainView;
			sourceTree = "<group>";
		};
		FBA262BC2C1330A1009E47DA /* LoginView */ = {
			isa = PBXGroup;
			children = (
				FB7EF4112C0DF20A009EDC5D /* LoginViewController.swift */,
			);
			path = LoginView;
			sourceTree = "<group>";
		};
		FBA262BD2C1330DC009E47DA /* SecondaryView */ = {
			isa = PBXGroup;
			children = (
				FBA262BE2C133100009E47DA /* ProfileTableViewController.swift */,
				FB03F1DA2C15CB6F00A2CBBE /* ChatViewController.swift */,
				FB6B87C92C19B9F4003503F5 /* ChatViewExtensions */,
			);
			path = SecondaryView;
			sourceTree = "<group>";
		};
		FBBD21FB2C0F200E00DE96D1 /* Models */ = {
			isa = PBXGroup;
			children = (
				FBBD21FC2C0F202100DE96D1 /* User.swift */,
				FBDFF35C2C12408900D82522 /* Status.swift */,
				FBA262C02C13494D009E47DA /* RecentChat.swift */,
				FB6B87D42C19C033003503F5 /* MKMessage.swift */,
				FB6B87D92C19C249003503F5 /* RealmMessages */,
				FB6B87DE2C19CD45003503F5 /* OutgoingMessage.swift */,
				FB6B87E22C19FFBD003503F5 /* InComingMessage.swift */,
			);
			path = Models;
			sourceTree = "<group>";
		};
		FBBD22022C0F33D600DE96D1 /* FirebaseHelpers */ = {
			isa = PBXGroup;
			children = (
				FBBD22002C0F29AB00DE96D1 /* FCollectionReference.swift */,
				FBBD22032C0F342300DE96D1 /* FirebaseUserListener.swift */,
				FB094AE92C11D02400DD5923 /* FileStorage.swift */,
				FBA262C62C146799009E47DA /* FirebaseRecentListener.swift */,
				FB6B87E02C19E853003503F5 /* FirebaseMessageListener.swift */,
				FB9773382C1F387B00EB03D4 /* FirebaseTypingListener.swift */,
			);
			path = FirebaseHelpers;
			sourceTree = "<group>";
		};
/* End PBXGroup section */

/* Begin PBXNativeTarget section */
		FB7EF4092C0DF20A009EDC5D /* ikiElveriChatDemo */ = {
			isa = PBXNativeTarget;
			buildConfigurationList = FB7EF41E2C0DF20C009EDC5D /* Build configuration list for PBXNativeTarget "ikiElveriChatDemo" */;
			buildPhases = (
				FB7EF4062C0DF20A009EDC5D /* Sources */,
				FB7EF4072C0DF20A009EDC5D /* Frameworks */,
				FB7EF4082C0DF20A009EDC5D /* Resources */,
				FB03F1E22C15DD9500A2CBBE /* Embed Frameworks */,
			);
			buildRules = (
			);
			dependencies = (
			);
			name = ikiElveriChatDemo;
			packageProductDependencies = (
				FB7EF4362C0E0282009EDC5D /* FirebaseAnalytics */,
				FB7EF4382C0E0282009EDC5D /* FirebaseAuth */,
				FB7EF43A2C0E0282009EDC5D /* FirebaseFirestore */,
				FB7EF43C2C0E0282009EDC5D /* FirebaseFirestoreSwift */,
				FB7EF43E2C0E0282009EDC5D /* FirebaseMessaging */,
				FB7EF4402C0E0282009EDC5D /* FirebaseStorage */,
				FB7EF4432C0E02ED009EDC5D /* ProgressHUD */,
				FB7EF4462C0E03AD009EDC5D /* SKPhotoBrowser */,
				FB7EF4492C0E041B009EDC5D /* MessageKit */,
				FB7EF44C2C0E0450009EDC5D /* InputBarAccessoryView */,
				FBBD21F92C0F1C3E00DE96D1 /* Toast */,
				FB094AE62C11063600DD5923 /* YPImagePicker */,
				FB03F1DF2C15CD2C00A2CBBE /* RealmSwift */,
			);
			productName = ikiElveriChatDemo;
			productReference = FB7EF40A2C0DF20A009EDC5D /* ikiElveriChatDemo.app */;
			productType = "com.apple.product-type.application";
		};
/* End PBXNativeTarget section */

/* Begin PBXProject section */
		FB7EF4022C0DF20A009EDC5D /* Project object */ = {
			isa = PBXProject;
			attributes = {
				BuildIndependentTargetsInParallel = 1;
				LastSwiftUpdateCheck = 1530;
				LastUpgradeCheck = 1530;
				TargetAttributes = {
					FB7EF4092C0DF20A009EDC5D = {
						CreatedOnToolsVersion = 15.3;
					};
				};
			};
			buildConfigurationList = FB7EF4052C0DF20A009EDC5D /* Build configuration list for PBXProject "ikiElveriChatDemo" */;
			compatibilityVersion = "Xcode 14.0";
			developmentRegion = en;
			hasScannedForEncodings = 0;
			knownRegions = (
				en,
				Base,
			);
			mainGroup = FB7EF4012C0DF20A009EDC5D;
			packageReferences = (
				FB7EF4352C0E0282009EDC5D /* XCRemoteSwiftPackageReference "firebase-ios-sdk" */,
				FB7EF4422C0E02ED009EDC5D /* XCRemoteSwiftPackageReference "ProgressHUD" */,
				FB7EF4452C0E03AD009EDC5D /* XCRemoteSwiftPackageReference "SKPhotoBrowser" */,
				FB7EF4482C0E041B009EDC5D /* XCRemoteSwiftPackageReference "MessageKit" */,
				FB7EF44B2C0E0450009EDC5D /* XCRemoteSwiftPackageReference "InputBarAccessoryView" */,
				FBBD21F82C0F1C3E00DE96D1 /* XCRemoteSwiftPackageReference "Toast-Swift" */,
				FB094AE52C11063600DD5923 /* XCRemoteSwiftPackageReference "YPImagePicker" */,
				FB03F1DC2C15CD2C00A2CBBE /* XCRemoteSwiftPackageReference "realm-swift" */,
			);
			productRefGroup = FB7EF40B2C0DF20A009EDC5D /* Products */;
			projectDirPath = "";
			projectRoot = "";
			targets = (
				FB7EF4092C0DF20A009EDC5D /* ikiElveriChatDemo */,
			);
		};
/* End PBXProject section */

/* Begin PBXResourcesBuildPhase section */
		FB7EF4082C0DF20A009EDC5D /* Resources */ = {
			isa = PBXResourcesBuildPhase;
			buildActionMask = 2147483647;
			files = (
				FB7EF4172C0DF20C009EDC5D /* Assets.xcassets in Resources */,
				FB7EF4222C0DF230009EDC5D /* GoogleService-Info.plist in Resources */,
				FB7EF41A2C0DF20C009EDC5D /* Base in Resources */,
				FB7EF4152C0DF20A009EDC5D /* Base in Resources */,
			);
			runOnlyForDeploymentPostprocessing = 0;
		};
/* End PBXResourcesBuildPhase section */

/* Begin PBXSourcesBuildPhase section */
		FB7EF4062C0DF20A009EDC5D /* Sources */ = {
			isa = PBXSourcesBuildPhase;
			buildActionMask = 2147483647;
			files = (
				FBA262C12C13494D009E47DA /* RecentChat.swift in Sources */,
				FB6B87DB2C19C261003503F5 /* LocalMessage.swift in Sources */,
				FB094AED2C11F67800DD5923 /* GlobalFunctions.swift in Sources */,
				FB6B87D12C19BA84003503F5 /* InputBarAccessoryDelegate.swift in Sources */,
				FBBD22012C0F29AB00DE96D1 /* FCollectionReference.swift in Sources */,
				FBA262C72C146799009E47DA /* FirebaseRecentListener.swift in Sources */,
				FBF639182C12EC2A00CF6B03 /* UsersTableViewController.swift in Sources */,
				FB6B87D32C19BCCF003503F5 /* MessageKitDefaults.swift in Sources */,
				FB6B87CB2C19BA14003503F5 /* MessageCellDelegate.swift in Sources */,
				FB094AEA2C11D02400DD5923 /* FileStorage.swift in Sources */,
				FBBD21FF2C0F244200DE96D1 /* Constants.swift in Sources */,
				FBF639162C12EC0600CF6B03 /* UserTableViewCell.swift in Sources */,
				FBBD21FD2C0F202100DE96D1 /* User.swift in Sources */,
				FBA262BF2C133100009E47DA /* ProfileTableViewController.swift in Sources */,
				FB6B87E32C19FFBD003503F5 /* InComingMessage.swift in Sources */,
				FB7EF4122C0DF20A009EDC5D /* LoginViewController.swift in Sources */,
				FB6B87DF2C19CD45003503F5 /* OutgoingMessage.swift in Sources */,
				FB9773392C1F387B00EB03D4 /* FirebaseTypingListener.swift in Sources */,
				FBCBBAB62C1049D100C1406A /* SettingsTableViewController.swift in Sources */,
				FBDFF35B2C123DDF00D82522 /* Extensions.swift in Sources */,
				FB094AE42C10FBBD00DD5923 /* EditProfileTableViewController.swift in Sources */,
				FBDFF35F2C12435100D82522 /* StatusTableViewController.swift in Sources */,
				FBDFF35D2C12408900D82522 /* Status.swift in Sources */,
				FB03F1DB2C15CB6F00A2CBBE /* ChatViewController.swift in Sources */,
				FB7EF40E2C0DF20A009EDC5D /* AppDelegate.swift in Sources */,
				FB6B87CD2C19BA44003503F5 /* MessageDisplayDelegate.swift in Sources */,
				FB6B87C82C19B9D8003503F5 /* MessageDataSource.swift in Sources */,
				FB03F1D92C15BA8000A2CBBE /* ChatsTableViewController.swift in Sources */,
				FB6B87E12C19E853003503F5 /* FirebaseMessageListener.swift in Sources */,
				FB6B87DD2C19CA22003503F5 /* RealmManager.swift in Sources */,
				FB6B87CF2C19BA5D003503F5 /* MessageLayoutDelegate.swift in Sources */,
				FBA262C52C146396009E47DA /* StartChat.swift in Sources */,
				FBBD22042C0F342300DE96D1 /* FirebaseUserListener.swift in Sources */,
				FB7EF4102C0DF20A009EDC5D /* SceneDelegate.swift in Sources */,
				FBA262C32C1352C8009E47DA /* RecentTableViewCell.swift in Sources */,
				FB6B87D52C19C033003503F5 /* MKMessage.swift in Sources */,
			);
			runOnlyForDeploymentPostprocessing = 0;
		};
/* End PBXSourcesBuildPhase section */

/* Begin PBXVariantGroup section */
		FB7EF4132C0DF20A009EDC5D /* Main.storyboard */ = {
			isa = PBXVariantGroup;
			children = (
				FB7EF4142C0DF20A009EDC5D /* Base */,
			);
			name = Main.storyboard;
			sourceTree = "<group>";
		};
		FB7EF4182C0DF20C009EDC5D /* LaunchScreen.storyboard */ = {
			isa = PBXVariantGroup;
			children = (
				FB7EF4192C0DF20C009EDC5D /* Base */,
			);
			name = LaunchScreen.storyboard;
			sourceTree = "<group>";
		};
/* End PBXVariantGroup section */

/* Begin XCBuildConfiguration section */
		FB7EF41C2C0DF20C009EDC5D /* Debug */ = {
			isa = XCBuildConfiguration;
			buildSettings = {
				ALWAYS_SEARCH_USER_PATHS = NO;
				ASSETCATALOG_COMPILER_GENERATE_SWIFT_ASSET_SYMBOL_EXTENSIONS = YES;
				CLANG_ANALYZER_NONNULL = YES;
				CLANG_ANALYZER_NUMBER_OBJECT_CONVERSION = YES_AGGRESSIVE;
				CLANG_CXX_LANGUAGE_STANDARD = "gnu++20";
				CLANG_ENABLE_MODULES = YES;
				CLANG_ENABLE_OBJC_ARC = YES;
				CLANG_ENABLE_OBJC_WEAK = YES;
				CLANG_WARN_BLOCK_CAPTURE_AUTORELEASING = YES;
				CLANG_WARN_BOOL_CONVERSION = YES;
				CLANG_WARN_COMMA = YES;
				CLANG_WARN_CONSTANT_CONVERSION = YES;
				CLANG_WARN_DEPRECATED_OBJC_IMPLEMENTATIONS = YES;
				CLANG_WARN_DIRECT_OBJC_ISA_USAGE = YES_ERROR;
				CLANG_WARN_DOCUMENTATION_COMMENTS = YES;
				CLANG_WARN_EMPTY_BODY = YES;
				CLANG_WARN_ENUM_CONVERSION = YES;
				CLANG_WARN_INFINITE_RECURSION = YES;
				CLANG_WARN_INT_CONVERSION = YES;
				CLANG_WARN_NON_LITERAL_NULL_CONVERSION = YES;
				CLANG_WARN_OBJC_IMPLICIT_RETAIN_SELF = YES;
				CLANG_WARN_OBJC_LITERAL_CONVERSION = YES;
				CLANG_WARN_OBJC_ROOT_CLASS = YES_ERROR;
				CLANG_WARN_QUOTED_INCLUDE_IN_FRAMEWORK_HEADER = YES;
				CLANG_WARN_RANGE_LOOP_ANALYSIS = YES;
				CLANG_WARN_STRICT_PROTOTYPES = YES;
				CLANG_WARN_SUSPICIOUS_MOVE = YES;
				CLANG_WARN_UNGUARDED_AVAILABILITY = YES_AGGRESSIVE;
				CLANG_WARN_UNREACHABLE_CODE = YES;
				CLANG_WARN__DUPLICATE_METHOD_MATCH = YES;
				COPY_PHASE_STRIP = NO;
				DEBUG_INFORMATION_FORMAT = dwarf;
				ENABLE_STRICT_OBJC_MSGSEND = YES;
				ENABLE_TESTABILITY = YES;
				ENABLE_USER_SCRIPT_SANDBOXING = YES;
				GCC_C_LANGUAGE_STANDARD = gnu17;
				GCC_DYNAMIC_NO_PIC = NO;
				GCC_NO_COMMON_BLOCKS = YES;
				GCC_OPTIMIZATION_LEVEL = 0;
				GCC_PREPROCESSOR_DEFINITIONS = (
					"DEBUG=1",
					"$(inherited)",
				);
				GCC_WARN_64_TO_32_BIT_CONVERSION = YES;
				GCC_WARN_ABOUT_RETURN_TYPE = YES_ERROR;
				GCC_WARN_UNDECLARED_SELECTOR = YES;
				GCC_WARN_UNINITIALIZED_AUTOS = YES_AGGRESSIVE;
				GCC_WARN_UNUSED_FUNCTION = YES;
				GCC_WARN_UNUSED_VARIABLE = YES;
				IPHONEOS_DEPLOYMENT_TARGET = 17.4;
				LOCALIZATION_PREFERS_STRING_CATALOGS = YES;
				MTL_ENABLE_DEBUG_INFO = INCLUDE_SOURCE;
				MTL_FAST_MATH = YES;
				ONLY_ACTIVE_ARCH = YES;
				SDKROOT = iphoneos;
				SWIFT_ACTIVE_COMPILATION_CONDITIONS = "DEBUG $(inherited)";
				SWIFT_OPTIMIZATION_LEVEL = "-Onone";
			};
			name = Debug;
		};
		FB7EF41D2C0DF20C009EDC5D /* Release */ = {
			isa = XCBuildConfiguration;
			buildSettings = {
				ALWAYS_SEARCH_USER_PATHS = NO;
				ASSETCATALOG_COMPILER_GENERATE_SWIFT_ASSET_SYMBOL_EXTENSIONS = YES;
				CLANG_ANALYZER_NONNULL = YES;
				CLANG_ANALYZER_NUMBER_OBJECT_CONVERSION = YES_AGGRESSIVE;
				CLANG_CXX_LANGUAGE_STANDARD = "gnu++20";
				CLANG_ENABLE_MODULES = YES;
				CLANG_ENABLE_OBJC_ARC = YES;
				CLANG_ENABLE_OBJC_WEAK = YES;
				CLANG_WARN_BLOCK_CAPTURE_AUTORELEASING = YES;
				CLANG_WARN_BOOL_CONVERSION = YES;
				CLANG_WARN_COMMA = YES;
				CLANG_WARN_CONSTANT_CONVERSION = YES;
				CLANG_WARN_DEPRECATED_OBJC_IMPLEMENTATIONS = YES;
				CLANG_WARN_DIRECT_OBJC_ISA_USAGE = YES_ERROR;
				CLANG_WARN_DOCUMENTATION_COMMENTS = YES;
				CLANG_WARN_EMPTY_BODY = YES;
				CLANG_WARN_ENUM_CONVERSION = YES;
				CLANG_WARN_INFINITE_RECURSION = YES;
				CLANG_WARN_INT_CONVERSION = YES;
				CLANG_WARN_NON_LITERAL_NULL_CONVERSION = YES;
				CLANG_WARN_OBJC_IMPLICIT_RETAIN_SELF = YES;
				CLANG_WARN_OBJC_LITERAL_CONVERSION = YES;
				CLANG_WARN_OBJC_ROOT_CLASS = YES_ERROR;
				CLANG_WARN_QUOTED_INCLUDE_IN_FRAMEWORK_HEADER = YES;
				CLANG_WARN_RANGE_LOOP_ANALYSIS = YES;
				CLANG_WARN_STRICT_PROTOTYPES = YES;
				CLANG_WARN_SUSPICIOUS_MOVE = YES;
				CLANG_WARN_UNGUARDED_AVAILABILITY = YES_AGGRESSIVE;
				CLANG_WARN_UNREACHABLE_CODE = YES;
				CLANG_WARN__DUPLICATE_METHOD_MATCH = YES;
				COPY_PHASE_STRIP = NO;
				DEBUG_INFORMATION_FORMAT = "dwarf-with-dsym";
				ENABLE_NS_ASSERTIONS = NO;
				ENABLE_STRICT_OBJC_MSGSEND = YES;
				ENABLE_USER_SCRIPT_SANDBOXING = YES;
				GCC_C_LANGUAGE_STANDARD = gnu17;
				GCC_NO_COMMON_BLOCKS = YES;
				GCC_WARN_64_TO_32_BIT_CONVERSION = YES;
				GCC_WARN_ABOUT_RETURN_TYPE = YES_ERROR;
				GCC_WARN_UNDECLARED_SELECTOR = YES;
				GCC_WARN_UNINITIALIZED_AUTOS = YES_AGGRESSIVE;
				GCC_WARN_UNUSED_FUNCTION = YES;
				GCC_WARN_UNUSED_VARIABLE = YES;
				IPHONEOS_DEPLOYMENT_TARGET = 17.4;
				LOCALIZATION_PREFERS_STRING_CATALOGS = YES;
				MTL_ENABLE_DEBUG_INFO = NO;
				MTL_FAST_MATH = YES;
				SDKROOT = iphoneos;
				SWIFT_COMPILATION_MODE = wholemodule;
				VALIDATE_PRODUCT = YES;
			};
			name = Release;
		};
		FB7EF41F2C0DF20C009EDC5D /* Debug */ = {
			isa = XCBuildConfiguration;
			buildSettings = {
				ASSETCATALOG_COMPILER_APPICON_NAME = AppIcon;
				ASSETCATALOG_COMPILER_GLOBAL_ACCENT_COLOR_NAME = AccentColor;
				CODE_SIGN_IDENTITY = "Apple Development";
				CODE_SIGN_STYLE = Automatic;
				CURRENT_PROJECT_VERSION = 1;
				DEVELOPMENT_TEAM = S7G5FNQYKY;
				GENERATE_INFOPLIST_FILE = YES;
				INFOPLIST_FILE = ikiElveriChatDemo/Info.plist;
				INFOPLIST_KEY_NSAppleMusicUsageDescription = "ikiElveriChatDemo would you like to use your media library";
				INFOPLIST_KEY_NSCameraUsageDescription = "ikiElveriChatDemo would you like to use your camera";
				INFOPLIST_KEY_NSPhotoLibraryUsageDescription = "ikiElveriChatDemo would you like to use your photo library";
				INFOPLIST_KEY_UIApplicationSupportsIndirectInputEvents = YES;
				INFOPLIST_KEY_UILaunchStoryboardName = LaunchScreen;
				INFOPLIST_KEY_UIMainStoryboardFile = Main;
				INFOPLIST_KEY_UISupportedInterfaceOrientations_iPad = "UIInterfaceOrientationPortrait UIInterfaceOrientationPortraitUpsideDown UIInterfaceOrientationLandscapeLeft UIInterfaceOrientationLandscapeRight";
				INFOPLIST_KEY_UISupportedInterfaceOrientations_iPhone = "UIInterfaceOrientationPortrait UIInterfaceOrientationLandscapeLeft UIInterfaceOrientationLandscapeRight";
				LD_RUNPATH_SEARCH_PATHS = (
					"$(inherited)",
					"@executable_path/Frameworks",
				);
				MARKETING_VERSION = 1.0;
				PRODUCT_BUNDLE_IDENTIFIER = com.tahiratakancan.ikiElveriChatDemo;
				PRODUCT_NAME = "$(TARGET_NAME)";
				PROVISIONING_PROFILE_SPECIFIER = "";
				SWIFT_EMIT_LOC_STRINGS = YES;
				SWIFT_VERSION = 5.0;
				TARGETED_DEVICE_FAMILY = "1,2";
			};
			name = Debug;
		};
		FB7EF4202C0DF20C009EDC5D /* Release */ = {
			isa = XCBuildConfiguration;
			buildSettings = {
				ASSETCATALOG_COMPILER_APPICON_NAME = AppIcon;
				ASSETCATALOG_COMPILER_GLOBAL_ACCENT_COLOR_NAME = AccentColor;
				CODE_SIGN_IDENTITY = "Apple Development";
				CODE_SIGN_STYLE = Automatic;
				CURRENT_PROJECT_VERSION = 1;
				DEVELOPMENT_TEAM = S7G5FNQYKY;
				GENERATE_INFOPLIST_FILE = YES;
				INFOPLIST_FILE = ikiElveriChatDemo/Info.plist;
				INFOPLIST_KEY_NSAppleMusicUsageDescription = "ikiElveriChatDemo would you like to use your media library";
				INFOPLIST_KEY_NSCameraUsageDescription = "ikiElveriChatDemo would you like to use your camera";
				INFOPLIST_KEY_NSPhotoLibraryUsageDescription = "ikiElveriChatDemo would you like to use your photo library";
				INFOPLIST_KEY_UIApplicationSupportsIndirectInputEvents = YES;
				INFOPLIST_KEY_UILaunchStoryboardName = LaunchScreen;
				INFOPLIST_KEY_UIMainStoryboardFile = Main;
				INFOPLIST_KEY_UISupportedInterfaceOrientations_iPad = "UIInterfaceOrientationPortrait UIInterfaceOrientationPortraitUpsideDown UIInterfaceOrientationLandscapeLeft UIInterfaceOrientationLandscapeRight";
				INFOPLIST_KEY_UISupportedInterfaceOrientations_iPhone = "UIInterfaceOrientationPortrait UIInterfaceOrientationLandscapeLeft UIInterfaceOrientationLandscapeRight";
				LD_RUNPATH_SEARCH_PATHS = (
					"$(inherited)",
					"@executable_path/Frameworks",
				);
				MARKETING_VERSION = 1.0;
				PRODUCT_BUNDLE_IDENTIFIER = com.tahiratakancan.ikiElveriChatDemo;
				PRODUCT_NAME = "$(TARGET_NAME)";
				PROVISIONING_PROFILE_SPECIFIER = "";
				SWIFT_EMIT_LOC_STRINGS = YES;
				SWIFT_VERSION = 5.0;
				TARGETED_DEVICE_FAMILY = "1,2";
			};
			name = Release;
		};
/* End XCBuildConfiguration section */

/* Begin XCConfigurationList section */
		FB7EF4052C0DF20A009EDC5D /* Build configuration list for PBXProject "ikiElveriChatDemo" */ = {
			isa = XCConfigurationList;
			buildConfigurations = (
				FB7EF41C2C0DF20C009EDC5D /* Debug */,
				FB7EF41D2C0DF20C009EDC5D /* Release */,
			);
			defaultConfigurationIsVisible = 0;
			defaultConfigurationName = Release;
		};
		FB7EF41E2C0DF20C009EDC5D /* Build configuration list for PBXNativeTarget "ikiElveriChatDemo" */ = {
			isa = XCConfigurationList;
			buildConfigurations = (
				FB7EF41F2C0DF20C009EDC5D /* Debug */,
				FB7EF4202C0DF20C009EDC5D /* Release */,
			);
			defaultConfigurationIsVisible = 0;
			defaultConfigurationName = Release;
		};
/* End XCConfigurationList section */

/* Begin XCRemoteSwiftPackageReference section */
		FB03F1DC2C15CD2C00A2CBBE /* XCRemoteSwiftPackageReference "realm-swift" */ = {
			isa = XCRemoteSwiftPackageReference;
			repositoryURL = "https://github.com/realm/realm-swift.git";
			requirement = {
				branch = master;
				kind = branch;
			};
		};
		FB094AE52C11063600DD5923 /* XCRemoteSwiftPackageReference "YPImagePicker" */ = {
			isa = XCRemoteSwiftPackageReference;
			repositoryURL = "https://github.com/Yummypets/YPImagePicker.git";
			requirement = {
				kind = upToNextMajorVersion;
				minimumVersion = 5.2.2;
			};
		};
		FB7EF4352C0E0282009EDC5D /* XCRemoteSwiftPackageReference "firebase-ios-sdk" */ = {
			isa = XCRemoteSwiftPackageReference;
			repositoryURL = "https://github.com/firebase/firebase-ios-sdk.git";
			requirement = {
				kind = upToNextMajorVersion;
				minimumVersion = 10.27.0;
			};
		};
		FB7EF4422C0E02ED009EDC5D /* XCRemoteSwiftPackageReference "ProgressHUD" */ = {
			isa = XCRemoteSwiftPackageReference;
			repositoryURL = "https://github.com/relatedcode/ProgressHUD.git";
			requirement = {
				kind = upToNextMajorVersion;
				minimumVersion = 14.1.3;
			};
		};
		FB7EF4452C0E03AD009EDC5D /* XCRemoteSwiftPackageReference "SKPhotoBrowser" */ = {
			isa = XCRemoteSwiftPackageReference;
			repositoryURL = "https://github.com/suzuki-0000/SKPhotoBrowser.git";
			requirement = {
				kind = upToNextMajorVersion;
				minimumVersion = 7.0.0;
			};
		};
		FB7EF4482C0E041B009EDC5D /* XCRemoteSwiftPackageReference "MessageKit" */ = {
			isa = XCRemoteSwiftPackageReference;
			repositoryURL = "https://github.com/MessageKit/MessageKit.git";
			requirement = {
				kind = upToNextMajorVersion;
				minimumVersion = 4.2.0;
			};
		};
		FB7EF44B2C0E0450009EDC5D /* XCRemoteSwiftPackageReference "InputBarAccessoryView" */ = {
			isa = XCRemoteSwiftPackageReference;
			repositoryURL = "https://github.com/nathantannar4/InputBarAccessoryView.git";
			requirement = {
				kind = upToNextMajorVersion;
				minimumVersion = 6.3.0;
			};
		};
		FBBD21F82C0F1C3E00DE96D1 /* XCRemoteSwiftPackageReference "Toast-Swift" */ = {
			isa = XCRemoteSwiftPackageReference;
			repositoryURL = "https://github.com/scalessec/Toast-Swift.git";
			requirement = {
				kind = upToNextMajorVersion;
				minimumVersion = 5.1.1;
			};
		};
/* End XCRemoteSwiftPackageReference section */

/* Begin XCSwiftPackageProductDependency section */
		FB03F1DF2C15CD2C00A2CBBE /* RealmSwift */ = {
			isa = XCSwiftPackageProductDependency;
			package = FB03F1DC2C15CD2C00A2CBBE /* XCRemoteSwiftPackageReference "realm-swift" */;
			productName = RealmSwift;
		};
		FB094AE62C11063600DD5923 /* YPImagePicker */ = {
			isa = XCSwiftPackageProductDependency;
			package = FB094AE52C11063600DD5923 /* XCRemoteSwiftPackageReference "YPImagePicker" */;
			productName = YPImagePicker;
		};
		FB7EF4362C0E0282009EDC5D /* FirebaseAnalytics */ = {
			isa = XCSwiftPackageProductDependency;
			package = FB7EF4352C0E0282009EDC5D /* XCRemoteSwiftPackageReference "firebase-ios-sdk" */;
			productName = FirebaseAnalytics;
		};
		FB7EF4382C0E0282009EDC5D /* FirebaseAuth */ = {
			isa = XCSwiftPackageProductDependency;
			package = FB7EF4352C0E0282009EDC5D /* XCRemoteSwiftPackageReference "firebase-ios-sdk" */;
			productName = FirebaseAuth;
		};
		FB7EF43A2C0E0282009EDC5D /* FirebaseFirestore */ = {
			isa = XCSwiftPackageProductDependency;
			package = FB7EF4352C0E0282009EDC5D /* XCRemoteSwiftPackageReference "firebase-ios-sdk" */;
			productName = FirebaseFirestore;
		};
		FB7EF43C2C0E0282009EDC5D /* FirebaseFirestoreSwift */ = {
			isa = XCSwiftPackageProductDependency;
			package = FB7EF4352C0E0282009EDC5D /* XCRemoteSwiftPackageReference "firebase-ios-sdk" */;
			productName = FirebaseFirestoreSwift;
		};
		FB7EF43E2C0E0282009EDC5D /* FirebaseMessaging */ = {
			isa = XCSwiftPackageProductDependency;
			package = FB7EF4352C0E0282009EDC5D /* XCRemoteSwiftPackageReference "firebase-ios-sdk" */;
			productName = FirebaseMessaging;
		};
		FB7EF4402C0E0282009EDC5D /* FirebaseStorage */ = {
			isa = XCSwiftPackageProductDependency;
			package = FB7EF4352C0E0282009EDC5D /* XCRemoteSwiftPackageReference "firebase-ios-sdk" */;
			productName = FirebaseStorage;
		};
		FB7EF4432C0E02ED009EDC5D /* ProgressHUD */ = {
			isa = XCSwiftPackageProductDependency;
			package = FB7EF4422C0E02ED009EDC5D /* XCRemoteSwiftPackageReference "ProgressHUD" */;
			productName = ProgressHUD;
		};
		FB7EF4462C0E03AD009EDC5D /* SKPhotoBrowser */ = {
			isa = XCSwiftPackageProductDependency;
			package = FB7EF4452C0E03AD009EDC5D /* XCRemoteSwiftPackageReference "SKPhotoBrowser" */;
			productName = SKPhotoBrowser;
		};
		FB7EF4492C0E041B009EDC5D /* MessageKit */ = {
			isa = XCSwiftPackageProductDependency;
			package = FB7EF4482C0E041B009EDC5D /* XCRemoteSwiftPackageReference "MessageKit" */;
			productName = MessageKit;
		};
		FB7EF44C2C0E0450009EDC5D /* InputBarAccessoryView */ = {
			isa = XCSwiftPackageProductDependency;
			package = FB7EF44B2C0E0450009EDC5D /* XCRemoteSwiftPackageReference "InputBarAccessoryView" */;
			productName = InputBarAccessoryView;
		};
		FBBD21F92C0F1C3E00DE96D1 /* Toast */ = {
			isa = XCSwiftPackageProductDependency;
			package = FBBD21F82C0F1C3E00DE96D1 /* XCRemoteSwiftPackageReference "Toast-Swift" */;
			productName = Toast;
		};
/* End XCSwiftPackageProductDependency section */
	};
	rootObject = FB7EF4022C0DF20A009EDC5D /* Project object */;
}
